
Microsoft Visual Studio Solution File, Format Version 12.00
# Visual Studio Version 17
VisualStudioVersion = 17.2.32616.157
MinimumVisualStudioVersion = 10.0.40219.1
Project("{FAE04EC0-301F-11D3-BF4B-00C04F79EFBC}") = "csharp-ecommerce-db", "csharp-ecommerce-db.csproj", "{D3F961C5-6704-44DF-8142-C75322414F55}"
EndProject
Global
	GlobalSection(SolutionConfigurationPlatforms) = preSolution
		Debug|Any CPU = Debug|Any CPU
		Release|Any CPU = Release|Any CPU
	EndGlobalSection
	GlobalSection(ProjectConfigurationPlatforms) = postSolution
		{D3F961C5-6704-44DF-8142-C75322414F55}.Debug|Any CPU.ActiveCfg = Debug|Any CPU
		{D3F961C5-6704-44DF-8142-C75322414F55}.Debug|Any CPU.Build.0 = Debug|Any CPU
		{D3F961C5-6704-44DF-8142-C75322414F55}.Release|Any CPU.ActiveCfg = Release|Any CPU
		{D3F961C5-6704-44DF-8142-C75322414F55}.Release|Any CPU.Build.0 = Release|Any CPU
	EndGlobalSection
	GlobalSection(SolutionProperties) = preSolution
		HideSolutionNode = FALSE
	EndGlobalSection
	GlobalSection(ExtensibilityGlobals) = postSolution
		SolutionGuid = {A990E200-121B-4212-B04E-9422BD45F5E0}
	EndGlobalSection
EndGlobal
